
Microsoft Visual Studio Solution File, Format Version 12.00
# Visual Studio Version 16
VisualStudioVersion = 16.0.29806.167
MinimumVisualStudioVersion = 10.0.40219.1
Project("{FAE04EC0-301F-11D3-BF4B-00C04F79EFBC}") = "Flag", "Flag.csproj", "{B691D1E0-47F9-442D-8858-C1655F9B24C5}"
EndProject
Project("{FAE04EC0-301F-11D3-BF4B-00C04F79EFBC}") = "FlagTester", "..\FlagTester\FlagTester.csproj", "{705DCA8D-BBB8-4151-B9E1-E358ED00176F}"
EndProject
Global
	GlobalSection(SolutionConfigurationPlatforms) = preSolution
		Debug|Any CPU = Debug|Any CPU
		Release|Any CPU = Release|Any CPU
	EndGlobalSection
	GlobalSection(ProjectConfigurationPlatforms) = postSolution
		{B691D1E0-47F9-442D-8858-C1655F9B24C5}.Debug|Any CPU.ActiveCfg = Debug|Any CPU
		{B691D1E0-47F9-442D-8858-C1655F9B24C5}.Debug|Any CPU.Build.0 = Debug|Any CPU
		{B691D1E0-47F9-442D-8858-C1655F9B24C5}.Release|Any CPU.ActiveCfg = Release|Any CPU
		{B691D1E0-47F9-442D-8858-C1655F9B24C5}.Release|Any CPU.Build.0 = Release|Any CPU
		{705DCA8D-BBB8-4151-B9E1-E358ED00176F}.Debug|Any CPU.ActiveCfg = Debug|Any CPU
		{705DCA8D-BBB8-4151-B9E1-E358ED00176F}.Debug|Any CPU.Build.0 = Debug|Any CPU
		{705DCA8D-BBB8-4151-B9E1-E358ED00176F}.Release|Any CPU.ActiveCfg = Release|Any CPU
		{705DCA8D-BBB8-4151-B9E1-E358ED00176F}.Release|Any CPU.Build.0 = Release|Any CPU
	EndGlobalSection
	GlobalSection(SolutionProperties) = preSolution
		HideSolutionNode = FALSE
	EndGlobalSection
	GlobalSection(ExtensibilityGlobals) = postSolution
		SolutionGuid = {79AD8249-5659-4949-9EE1-3DF0F9DF59DE}
	EndGlobalSection
EndGlobal
